
Microsoft Visual Studio Solution File, Format Version 12.00
# Visual Studio Version 17
VisualStudioVersion = 17.5.33627.172
MinimumVisualStudioVersion = 10.0.40219.1
Project("{FAE04EC0-301F-11D3-BF4B-00C04F79EFBC}") = "delas pra elas", "delas pra elas\delas pra elas.csproj", "{5F8321D2-65A2-4BFB-986B-785F5073D652}"
EndProject
Global
	GlobalSection(SolutionConfigurationPlatforms) = preSolution
		Debug|Any CPU = Debug|Any CPU
		Release|Any CPU = Release|Any CPU
	EndGlobalSection
	GlobalSection(ProjectConfigurationPlatforms) = postSolution
		{5F8321D2-65A2-4BFB-986B-785F5073D652}.Debug|Any CPU.ActiveCfg = Debug|Any CPU
		{5F8321D2-65A2-4BFB-986B-785F5073D652}.Debug|Any CPU.Build.0 = Debug|Any CPU
		{5F8321D2-65A2-4BFB-986B-785F5073D652}.Release|Any CPU.ActiveCfg = Release|Any CPU
		{5F8321D2-65A2-4BFB-986B-785F5073D652}.Release|Any CPU.Build.0 = Release|Any CPU
	EndGlobalSection
	GlobalSection(SolutionProperties) = preSolution
		HideSolutionNode = FALSE
	EndGlobalSection
	GlobalSection(ExtensibilityGlobals) = postSolution
		SolutionGuid = {39C4C478-0615-4B66-A66D-6515FE15C37E}
	EndGlobalSection
EndGlobal
